
Microsoft Visual Studio Solution File, Format Version 12.00
# Visual Studio Version 16
VisualStudioVersion = 16.0.31112.23
MinimumVisualStudioVersion = 10.0.40219.1
Project("{FAE04EC0-301F-11D3-BF4B-00C04F79EFBC}") = "Test1", "Test1\Test1.csproj", "{3FA15DB9-567F-4814-8241-2A524C003E22}"
EndProject
Global
	GlobalSection(SolutionConfigurationPlatforms) = preSolution
		Debug|Any CPU = Debug|Any CPU
		Release|Any CPU = Release|Any CPU
	EndGlobalSection
	GlobalSection(ProjectConfigurationPlatforms) = postSolution
		{3FA15DB9-567F-4814-8241-2A524C003E22}.Debug|Any CPU.ActiveCfg = Debug|Any CPU
		{3FA15DB9-567F-4814-8241-2A524C003E22}.Debug|Any CPU.Build.0 = Debug|Any CPU
		{3FA15DB9-567F-4814-8241-2A524C003E22}.Release|Any CPU.ActiveCfg = Release|Any CPU
		{3FA15DB9-567F-4814-8241-2A524C003E22}.Release|Any CPU.Build.0 = Release|Any CPU
	EndGlobalSection
	GlobalSection(SolutionProperties) = preSolution
		HideSolutionNode = FALSE
	EndGlobalSection
	GlobalSection(ExtensibilityGlobals) = postSolution
		SolutionGuid = {2DBFA191-C224-4EE8-853F-920C8892D290}
	EndGlobalSection
EndGlobal
